
Microsoft Visual Studio Solution File, Format Version 12.00
# Visual Studio Version 16
VisualStudioVersion = 16.0.30320.27
MinimumVisualStudioVersion = 10.0.40219.1
Project("{FAE04EC0-301F-11D3-BF4B-00C04F79EFBC}") = "BlaBlaConsoleUI", "BlaBlaConsoleUI\BlaBlaConsoleUI.csproj", "{40EC4BB5-0E74-41C0-A04B-A95D9A01A910}"
EndProject
Global
	GlobalSection(SolutionConfigurationPlatforms) = preSolution
		Debug|Any CPU = Debug|Any CPU
		Release|Any CPU = Release|Any CPU
	EndGlobalSection
	GlobalSection(ProjectConfigurationPlatforms) = postSolution
		{40EC4BB5-0E74-41C0-A04B-A95D9A01A910}.Debug|Any CPU.ActiveCfg = Debug|Any CPU
		{40EC4BB5-0E74-41C0-A04B-A95D9A01A910}.Debug|Any CPU.Build.0 = Debug|Any CPU
		{40EC4BB5-0E74-41C0-A04B-A95D9A01A910}.Release|Any CPU.ActiveCfg = Release|Any CPU
		{40EC4BB5-0E74-41C0-A04B-A95D9A01A910}.Release|Any CPU.Build.0 = Release|Any CPU
	EndGlobalSection
	GlobalSection(SolutionProperties) = preSolution
		HideSolutionNode = FALSE
	EndGlobalSection
	GlobalSection(ExtensibilityGlobals) = postSolution
		SolutionGuid = {C81A2009-064A-4386-92DE-5A036BCC5C85}
	EndGlobalSection
EndGlobal
